{
  "name": "teste-pagarme",
  "version": "1.0.0",
  "lockfileVersion": 1,
  "requires": true,
  "dependencies": {
    "pagarme": {
      "version": "4.8.0",
      "resolved": "https://registry.npmjs.org/pagarme/-/pagarme-4.8.0.tgz",
      "integrity": "sha512-H04O7Zwn2xdVlu69G86olCpl6O6gvFhUN0KZEuIa/J3jUUQhnxhq/k9chP2E9SKZXL+I8vwkf6c06VOk+hUtcw=="
    }
  }
}
